// !$*UTF8*$!
{
	archiveVersion = 1;
	classes = {
	};
	objectVersion = 46;
	objects = {

/* Begin PBXBuildFile section */
		586032480EE2A7090D716A52 /* Assets.xcassets in Resources */ = {isa = PBXBuildFile; fileRef = 586030CC804CB23B2D18D790 /* Assets.xcassets */; };
		5860373E74A0595CB9FC5B4F /* AppDelegate.swift in Sources */ = {isa = PBXBuildFile; fileRef = 58603243EE5F4183C9C87B35 /* AppDelegate.swift */; };
		586037F1CD38F3A0D3173D31 /* Main.storyboard in Resources */ = {isa = PBXBuildFile; fileRef = 586030C73CD33C6FFC431C46 /* Main.storyboard */; };
		58603B83AE3C7FB240747B2D /* ViewController.swift in Sources */ = {isa = PBXBuildFile; fileRef = 58603CED619B260D11B9F2BA /* ViewController.swift */; };
		58603C8151FC8827F000B728 /* SceneDelegate.swift in Sources */ = {isa = PBXBuildFile; fileRef = 58603EB2A3E83E272B8E2F30 /* SceneDelegate.swift */; };
		58603C88317417E6D3CFFF48 /* LaunchScreen.storyboard in Resources */ = {isa = PBXBuildFile; fileRef = 58603D4CB2771047626B1F08 /* LaunchScreen.storyboard */; };
		58603FB97694B359F53602C7 /* TipCalculatorModel.swift in Sources */ = {isa = PBXBuildFile; fileRef = 58603D983430D1452B123278 /* TipCalculatorModel.swift */; };
/* End PBXBuildFile section */

/* Begin PBXFileReference section */
		58603043A6CD2F33203D8726 /* Base */ = {isa = PBXFileReference; lastKnownFileType = file.storyboard; name = Base; path = Base.lproj/Main.storyboard; sourceTree = "<group>"; };
		586030CC804CB23B2D18D790 /* Assets.xcassets */ = {isa = PBXFileReference; lastKnownFileType = folder.assetcatalog; path = Assets.xcassets; sourceTree = "<group>"; };
		586030FCA40A6E7AA4751741 /* Base */ = {isa = PBXFileReference; lastKnownFileType = file.storyboard; name = Base; path = Base.lproj/LaunchScreen.storyboard; sourceTree = "<group>"; };
		58603243EE5F4183C9C87B35 /* AppDelegate.swift */ = {isa = PBXFileReference; lastKnownFileType = sourcecode.swift; path = AppDelegate.swift; sourceTree = "<group>"; };
		586033A828937488D648E84B /* Lab3_Swift.app */ = {isa = PBXFileReference; explicitFileType = wrapper.application; includeInIndex = 0; path = Lab3_Swift.app; sourceTree = BUILT_PRODUCTS_DIR; };
		58603B3BABB6A72B18B32463 /* Info.plist */ = {isa = PBXFileReference; lastKnownFileType = text.plist.info; path = Info.plist; sourceTree = "<group>"; };
		58603CED619B260D11B9F2BA /* ViewController.swift */ = {isa = PBXFileReference; lastKnownFileType = sourcecode.swift; path = ViewController.swift; sourceTree = "<group>"; };
		58603D983430D1452B123278 /* TipCalculatorModel.swift */ = {isa = PBXFileReference; fileEncoding = 4; lastKnownFileType = sourcecode.swift; path = TipCalculatorModel.swift; sourceTree = "<group>"; };
		58603EB2A3E83E272B8E2F30 /* SceneDelegate.swift */ = {isa = PBXFileReference; lastKnownFileType = sourcecode.swift; path = SceneDelegate.swift; sourceTree = "<group>"; };
/* End PBXFileReference section */

/* Begin PBXFrameworksBuildPhase section */
		58603F59908C7BAB7A3C58FD /* Frameworks */ = {
			isa = PBXFrameworksBuildPhase;
			buildActionMask = 2147483647;
			files = (
			);
			runOnlyForDeploymentPostprocessing = 0;
		};
/* End PBXFrameworksBuildPhase section */

/* Begin PBXGroup section */
		5860314A19C45862AB16F585 /* Products */ = {
			isa = PBXGroup;
			children = (
				586033A828937488D648E84B /* Lab3_Swift.app */,
			);
			name = Products;
			sourceTree = "<group>";
		};
		5860343871875C8A73EC94B4 = {
			isa = PBXGroup;
			children = (
				5860314A19C45862AB16F585 /* Products */,
				58603E29601A3E0F59309242 /* Lab3_Swift */,
			);
			sourceTree = "<group>";
		};
		58603E29601A3E0F59309242 /* Lab3_Swift */ = {
			isa = PBXGroup;
			children = (
				58603B3BABB6A72B18B32463 /* Info.plist */,
				586030CC804CB23B2D18D790 /* Assets.xcassets */,
				58603243EE5F4183C9C87B35 /* AppDelegate.swift */,
				58603D4CB2771047626B1F08 /* LaunchScreen.storyboard */,
				58603EB2A3E83E272B8E2F30 /* SceneDelegate.swift */,
				58603CED619B260D11B9F2BA /* ViewController.swift */,
				586030C73CD33C6FFC431C46 /* Main.storyboard */,
				58603D983430D1452B123278 /* TipCalculatorModel.swift */,
			);
			path = Lab3_Swift;
			sourceTree = "<group>";
		};
/* End PBXGroup section */

/* Begin PBXNativeTarget section */
		586031099F152F10D8CE0029 /* Lab3_Swift */ = {
			isa = PBXNativeTarget;
			buildConfigurationList = 58603DC237082962A804B3F5 /* Build configuration list for PBXNativeTarget "Lab3_Swift" */;
			buildPhases = (
				586034354954DB47636090C6 /* Sources */,
				58603F59908C7BAB7A3C58FD /* Frameworks */,
				58603D10F87C3530952E7B63 /* Resources */,
			);
			buildRules = (
			);
			dependencies = (
			);
			name = Lab3_Swift;
			productName = Lab3_Swift;
			productReference = 586033A828937488D648E84B /* Lab3_Swift.app */;
			productType = "com.apple.product-type.application";
		};
/* End PBXNativeTarget section */

/* Begin PBXProject section */
		58603970E1633D88D0D7AE62 /* Project object */ = {
			isa = PBXProject;
			attributes = {
			};
			buildConfigurationList = 58603A7ABAEC04DB331E5764 /* Build configuration list for PBXProject "Lab3_Swift" */;
			compatibilityVersion = "Xcode 3.2";
			developmentRegion = English;
			hasScannedForEncodings = 0;
			knownRegions = (
				English,
				en,
				Base,
			);
			mainGroup = 5860343871875C8A73EC94B4;
			productRefGroup = 5860314A19C45862AB16F585 /* Products */;
			projectDirPath = "";
			projectRoot = "";
			targets = (
				586031099F152F10D8CE0029 /* Lab3_Swift */,
			);
		};
/* End PBXProject section */

/* Begin PBXResourcesBuildPhase section */
		58603D10F87C3530952E7B63 /* Resources */ = {
			isa = PBXResourcesBuildPhase;
			buildActionMask = 2147483647;
			files = (
				586032480EE2A7090D716A52 /* Assets.xcassets in Resources */,
				58603C88317417E6D3CFFF48 /* LaunchScreen.storyboard in Resources */,
				586037F1CD38F3A0D3173D31 /* Main.storyboard in Resources */,
			);
			runOnlyForDeploymentPostprocessing = 0;
		};
/* End PBXResourcesBuildPhase section */

/* Begin PBXSourcesBuildPhase section */
		586034354954DB47636090C6 /* Sources */ = {
			isa = PBXSourcesBuildPhase;
			buildActionMask = 2147483647;
			files = (
				5860373E74A0595CB9FC5B4F /* AppDelegate.swift in Sources */,
				58603C8151FC8827F000B728 /* SceneDelegate.swift in Sources */,
				58603B83AE3C7FB240747B2D /* ViewController.swift in Sources */,
				58603FB97694B359F53602C7 /* TipCalculatorModel.swift in Sources */,
			);
			runOnlyForDeploymentPostprocessing = 0;
		};
/* End PBXSourcesBuildPhase section */

/* Begin PBXVariantGroup section */
		586030C73CD33C6FFC431C46 /* Main.storyboard */ = {
			isa = PBXVariantGroup;
			children = (
				58603043A6CD2F33203D8726 /* Base */,
			);
			name = Main.storyboard;
			sourceTree = "<group>";
		};
		58603D4CB2771047626B1F08 /* LaunchScreen.storyboard */ = {
			isa = PBXVariantGroup;
			children = (
				586030FCA40A6E7AA4751741 /* Base */,
			);
			name = LaunchScreen.storyboard;
			sourceTree = "<group>";
		};
/* End PBXVariantGroup section */

/* Begin XCBuildConfiguration section */
		58603310C3D16A15DB1A5678 /* Release */ = {
			isa = XCBuildConfiguration;
			buildSettings = {
				ASSETCATALOG_COMPILER_APPICON_NAME = AppIcon;
				ASSETCATALOG_COMPILER_GLOBAL_ACCENT_COLOR_NAME = AccentColor;
				INFOPLIST_FILE = Lab3_Swift/Info.plist;
				IPHONEOS_DEPLOYMENT_TARGET = 13.7;
				LD_RUNPATH_SEARCH_PATHS = "$(inherited) @executable_path/Frameworks";
				PRODUCT_BUNDLE_IDENTIFIER = "com.max.Lab3-Swift";
				PRODUCT_NAME = "$(TARGET_NAME)";
				SWIFT_VERSION = 5.0;
				TARGETED_DEVICE_FAMILY = "1,2";
			};
			name = Release;
		};
		586033573D393BB332D5A779 /* Debug */ = {
			isa = XCBuildConfiguration;
			buildSettings = {
				ASSETCATALOG_COMPILER_APPICON_NAME = AppIcon;
				ASSETCATALOG_COMPILER_GLOBAL_ACCENT_COLOR_NAME = AccentColor;
				INFOPLIST_FILE = Lab3_Swift/Info.plist;
				IPHONEOS_DEPLOYMENT_TARGET = 13.7;
				LD_RUNPATH_SEARCH_PATHS = "$(inherited) @executable_path/Frameworks";
				PRODUCT_BUNDLE_IDENTIFIER = "com.max.Lab3-Swift";
				PRODUCT_NAME = "$(TARGET_NAME)";
				SWIFT_VERSION = 5.0;
				TARGETED_DEVICE_FAMILY = "1,2";
			};
			name = Debug;
		};
		586034322055790FCE4AC8CA /* Release */ = {
			isa = XCBuildConfiguration;
			buildSettings = {
				ALWAYS_SEARCH_USER_PATHS = NO;
				CLANG_ANALYZER_NONNULL = YES;
				CLANG_ANALYZER_NUMBER_OBJECT_CONVERSION = YES_AGGRESSIVE;
				CLANG_CXX_LANGUAGE_STANDARD = "gnu++14";
				CLANG_CXX_LIBRARY = "libc++";
				CLANG_ENABLE_MODULES = YES;
				CLANG_ENABLE_OBJC_ARC = YES;
				CLANG_ENABLE_OBJC_WEAK = YES;
				CLANG_WARN_BLOCK_CAPTURE_AUTORELEASING = YES;
				CLANG_WARN_BOOL_CONVERSION = YES;
				CLANG_WARN_COMMA = YES;
				CLANG_WARN_CONSTANT_CONVERSION = YES;
				CLANG_WARN_DEPRECATED_OBJC_IMPLEMENTATIONS = YES;
				CLANG_WARN_DIRECT_OBJC_ISA_USAGE = YES_ERROR;
				CLANG_WARN_DOCUMENTATION_COMMENTS = YES;
				CLANG_WARN_EMPTY_BODY = YES;
				CLANG_WARN_ENUM_CONVERSION = YES;
				CLANG_WARN_INFINITE_RECURSION = YES;
				CLANG_WARN_INT_CONVERSION = YES;
				CLANG_WARN_NON_LITERAL_NULL_CONVERSION = YES;
				CLANG_WARN_OBJC_IMPLICIT_RETAIN_SELF = YES;
				CLANG_WARN_OBJC_LITERAL_CONVERSION = YES;
				CLANG_WARN_OBJC_ROOT_CLASS = YES_ERROR;
				CLANG_WARN_QUOTED_INCLUDE_IN_FRAMEWORK_HEADER = YES;
				CLANG_WARN_RANGE_LOOP_ANALYSIS = YES;
				CLANG_WARN_STRICT_PROTOTYPES = YES;
				CLANG_WARN_SUSPICIOUS_MOVE = YES;
				CLANG_WARN_UNGUARDED_AVAILABILITY = YES_AGGRESSIVE;
				CLANG_WARN_UNREACHABLE_CODE = YES;
				CLANG_WARN__DUPLICATE_METHOD_MATCH = YES;
				COPY_PHASE_STRIP = NO;
				DEBUG_INFORMATION_FORMAT = "dwarf-with-dsym";
				ENABLE_NS_ASSERTIONS = NO;
				ENABLE_STRICT_OBJC_MSGSEND = YES;
				GCC_C_LANGUAGE_STANDARD = gnu11;
				GCC_NO_COMMON_BLOCKS = YES;
				GCC_WARN_64_TO_32_BIT_CONVERSION = YES;
				GCC_WARN_ABOUT_RETURN_TYPE = YES_ERROR;
				GCC_WARN_UNDECLARED_SELECTOR = YES;
				GCC_WARN_UNINITIALIZED_AUTOS = YES_AGGRESSIVE;
				GCC_WARN_UNUSED_FUNCTION = YES;
				GCC_WARN_UNUSED_VARIABLE = YES;
				IPHONEOS_DEPLOYMENT_TARGET = 14.0;
				MTL_ENABLE_DEBUG_INFO = NO;
				MTL_FAST_MATH = YES;
				SDKROOT = iphoneos;
				SWIFT_OPTIMIZATION_LEVEL = "-Owholemodule";
				VALIDATE_PRODUCT = YES;
			};
			name = Release;
		};
		586034E6BB4977A4B027D7D1 /* Debug */ = {
			isa = XCBuildConfiguration;
			buildSettings = {
				ALWAYS_SEARCH_USER_PATHS = NO;
				CLANG_ANALYZER_NONNULL = YES;
				CLANG_ANALYZER_NUMBER_OBJECT_CONVERSION = YES_AGGRESSIVE;
				CLANG_CXX_LANGUAGE_STANDARD = "gnu++14";
				CLANG_CXX_LIBRARY = "libc++";
				CLANG_ENABLE_MODULES = YES;
				CLANG_ENABLE_OBJC_ARC = YES;
				CLANG_ENABLE_OBJC_WEAK = YES;
				CLANG_WARN_BLOCK_CAPTURE_AUTORELEASING = YES;
				CLANG_WARN_BOOL_CONVERSION = YES;
				CLANG_WARN_COMMA = YES;
				CLANG_WARN_CONSTANT_CONVERSION = YES;
				CLANG_WARN_DEPRECATED_OBJC_IMPLEMENTATIONS = YES;
				CLANG_WARN_DIRECT_OBJC_ISA_USAGE = YES_ERROR;
				CLANG_WARN_DOCUMENTATION_COMMENTS = YES;
				CLANG_WARN_EMPTY_BODY = YES;
				CLANG_WARN_ENUM_CONVERSION = YES;
				CLANG_WARN_INFINITE_RECURSION = YES;
				CLANG_WARN_INT_CONVERSION = YES;
				CLANG_WARN_NON_LITERAL_NULL_CONVERSION = YES;
				CLANG_WARN_OBJC_IMPLICIT_RETAIN_SELF = YES;
				CLANG_WARN_OBJC_LITERAL_CONVERSION = YES;
				CLANG_WARN_OBJC_ROOT_CLASS = YES_ERROR;
				CLANG_WARN_QUOTED_INCLUDE_IN_FRAMEWORK_HEADER = YES;
				CLANG_WARN_RANGE_LOOP_ANALYSIS = YES;
				CLANG_WARN_STRICT_PROTOTYPES = YES;
				CLANG_WARN_SUSPICIOUS_MOVE = YES;
				CLANG_WARN_UNGUARDED_AVAILABILITY = YES_AGGRESSIVE;
				CLANG_WARN_UNREACHABLE_CODE = YES;
				CLANG_WARN__DUPLICATE_METHOD_MATCH = YES;
				COPY_PHASE_STRIP = NO;
				DEBUG_INFORMATION_FORMAT = dwarf;
				ENABLE_STRICT_OBJC_MSGSEND = YES;
				ENABLE_TESTABILITY = YES;
				GCC_C_LANGUAGE_STANDARD = gnu11;
				GCC_DYNAMIC_NO_PIC = NO;
				GCC_NO_COMMON_BLOCKS = YES;
				GCC_OPTIMIZATION_LEVEL = 0;
				GCC_PREPROCESSOR_DEFINITIONS = (
					"DEBUG=1",
					"$(inherited)",
				);
				GCC_WARN_64_TO_32_BIT_CONVERSION = YES;
				GCC_WARN_ABOUT_RETURN_TYPE = YES_ERROR;
				GCC_WARN_UNDECLARED_SELECTOR = YES;
				GCC_WARN_UNINITIALIZED_AUTOS = YES_AGGRESSIVE;
				GCC_WARN_UNUSED_FUNCTION = YES;
				GCC_WARN_UNUSED_VARIABLE = YES;
				IPHONEOS_DEPLOYMENT_TARGET = 14.0;
				MTL_ENABLE_DEBUG_INFO = INCLUDE_SOURCE;
				MTL_FAST_MATH = YES;
				ONLY_ACTIVE_ARCH = YES;
				SDKROOT = iphoneos;
				SWIFT_ACTIVE_COMPILATION_CONDITIONS = DEBUG;
				SWIFT_OPTIMIZATION_LEVEL = "-Onone";
			};
			name = Debug;
		};
/* End XCBuildConfiguration section */

/* Begin XCConfigurationList section */
		58603A7ABAEC04DB331E5764 /* Build configuration list for PBXProject "Lab3_Swift" */ = {
			isa = XCConfigurationList;
			buildConfigurations = (
				586034E6BB4977A4B027D7D1 /* Debug */,
				586034322055790FCE4AC8CA /* Release */,
			);
			defaultConfigurationIsVisible = 0;
			defaultConfigurationName = Release;
		};
		58603DC237082962A804B3F5 /* Build configuration list for PBXNativeTarget "Lab3_Swift" */ = {
			isa = XCConfigurationList;
			buildConfigurations = (
				586033573D393BB332D5A779 /* Debug */,
				58603310C3D16A15DB1A5678 /* Release */,
			);
			defaultConfigurationIsVisible = 0;
			defaultConfigurationName = Release;
		};
/* End XCConfigurationList section */
	};
	rootObject = 58603970E1633D88D0D7AE62 /* Project object */;
}
